
Microsoft Visual Studio Solution File, Format Version 12.00
# Visual Studio Version 16
VisualStudioVersion = 16.0.31313.79
MinimumVisualStudioVersion = 10.0.40219.1
Project("{FAE04EC0-301F-11D3-BF4B-00C04F79EFBC}") = "LogicalPrograms", "LogicalPrograms\LogicalPrograms.csproj", "{8151BAA6-D7A8-41BC-ADF3-24BF7308F9DA}"
EndProject
Global
	GlobalSection(SolutionConfigurationPlatforms) = preSolution
		Debug|Any CPU = Debug|Any CPU
		Release|Any CPU = Release|Any CPU
	EndGlobalSection
	GlobalSection(ProjectConfigurationPlatforms) = postSolution
		{8151BAA6-D7A8-41BC-ADF3-24BF7308F9DA}.Debug|Any CPU.ActiveCfg = Debug|Any CPU
		{8151BAA6-D7A8-41BC-ADF3-24BF7308F9DA}.Debug|Any CPU.Build.0 = Debug|Any CPU
		{8151BAA6-D7A8-41BC-ADF3-24BF7308F9DA}.Release|Any CPU.ActiveCfg = Release|Any CPU
		{8151BAA6-D7A8-41BC-ADF3-24BF7308F9DA}.Release|Any CPU.Build.0 = Release|Any CPU
	EndGlobalSection
	GlobalSection(SolutionProperties) = preSolution
		HideSolutionNode = FALSE
	EndGlobalSection
	GlobalSection(ExtensibilityGlobals) = postSolution
		SolutionGuid = {2DD4F879-B977-4A7F-9F3B-452FBB54D3FB}
	EndGlobalSection
EndGlobal
